
Microsoft Visual Studio Solution File, Format Version 12.00
# Visual Studio 15
VisualStudioVersion = 15.0.28010.2003
MinimumVisualStudioVersion = 10.0.40219.1
Project("{FAE04EC0-301F-11D3-BF4B-00C04F79EFBC}") = "Sales.Android", "Sales\Sales.Android\Sales.Android.csproj", "{043A879C-DA90-4BED-B616-89021BB69BA9}"
EndProject
Project("{FAE04EC0-301F-11D3-BF4B-00C04F79EFBC}") = "Sales.iOS", "Sales\Sales.iOS\Sales.iOS.csproj", "{73C2FBDA-71B5-44C2-A8DA-88E1F40A05F1}"
EndProject
Project("{9A19103F-16F7-4668-BE54-9A1E7A4F7556}") = "Sales", "Sales\Sales\Sales.csproj", "{C7F9034F-8472-41C1-9F39-3B636D908D94}"
EndProject
Project("{FAE04EC0-301F-11D3-BF4B-00C04F79EFBC}") = "Sales.Backend", "Sales.Backend\Sales.Backend.csproj", "{416A55E9-D26C-4E57-9D1E-E9D2F6083CA1}"
EndProject
Project("{FAE04EC0-301F-11D3-BF4B-00C04F79EFBC}") = "Sales.API", "Sales.API\Sales.API.csproj", "{9D5C76E1-5BC5-4761-BEE0-3A0DB9C1C1AF}"
EndProject
Project("{FAE04EC0-301F-11D3-BF4B-00C04F79EFBC}") = "Sales.Domain", "Sales.Domain\Sales.Domain.csproj", "{C3853E62-A6B4-479E-8048-C9F56870A370}"
EndProject
Project("{FAE04EC0-301F-11D3-BF4B-00C04F79EFBC}") = "Sales.Common", "Sales.Common\Sales.Common.csproj", "{1FD0C2FE-BA4E-4225-AEC5-C9140C1958A1}"
EndProject
Global
	GlobalSection(SolutionConfigurationPlatforms) = preSolution
		Ad-Hoc|Any CPU = Ad-Hoc|Any CPU
		Ad-Hoc|iPhone = Ad-Hoc|iPhone
		Ad-Hoc|iPhoneSimulator = Ad-Hoc|iPhoneSimulator
		AppStore|Any CPU = AppStore|Any CPU
		AppStore|iPhone = AppStore|iPhone
		AppStore|iPhoneSimulator = AppStore|iPhoneSimulator
		Debug|Any CPU = Debug|Any CPU
		Debug|iPhone = Debug|iPhone
		Debug|iPhoneSimulator = Debug|iPhoneSimulator
		Release|Any CPU = Release|Any CPU
		Release|iPhone = Release|iPhone
		Release|iPhoneSimulator = Release|iPhoneSimulator
	EndGlobalSection
	GlobalSection(ProjectConfigurationPlatforms) = postSolution
		{043A879C-DA90-4BED-B616-89021BB69BA9}.Ad-Hoc|Any CPU.ActiveCfg = Release|Any CPU
		{043A879C-DA90-4BED-B616-89021BB69BA9}.Ad-Hoc|Any CPU.Build.0 = Release|Any CPU
		{043A879C-DA90-4BED-B616-89021BB69BA9}.Ad-Hoc|Any CPU.Deploy.0 = Release|Any CPU
		{043A879C-DA90-4BED-B616-89021BB69BA9}.Ad-Hoc|iPhone.ActiveCfg = Release|Any CPU
		{043A879C-DA90-4BED-B616-89021BB69BA9}.Ad-Hoc|iPhone.Build.0 = Release|Any CPU
		{043A879C-DA90-4BED-B616-89021BB69BA9}.Ad-Hoc|iPhone.Deploy.0 = Release|Any CPU
		{043A879C-DA90-4BED-B616-89021BB69BA9}.Ad-Hoc|iPhoneSimulator.ActiveCfg = Release|Any CPU
		{043A879C-DA90-4BED-B616-89021BB69BA9}.Ad-Hoc|iPhoneSimulator.Build.0 = Release|Any CPU
		{043A879C-DA90-4BED-B616-89021BB69BA9}.Ad-Hoc|iPhoneSimulator.Deploy.0 = Release|Any CPU
		{043A879C-DA90-4BED-B616-89021BB69BA9}.AppStore|Any CPU.ActiveCfg = Release|Any CPU
		{043A879C-DA90-4BED-B616-89021BB69BA9}.AppStore|Any CPU.Build.0 = Release|Any CPU
		{043A879C-DA90-4BED-B616-89021BB69BA9}.AppStore|Any CPU.Deploy.0 = Release|Any CPU
		{043A879C-DA90-4BED-B616-89021BB69BA9}.AppStore|iPhone.ActiveCfg = Release|Any CPU
		{043A879C-DA90-4BED-B616-89021BB69BA9}.AppStore|iPhone.Build.0 = Release|Any CPU
		{043A879C-DA90-4BED-B616-89021BB69BA9}.AppStore|iPhone.Deploy.0 = Release|Any CPU
		{043A879C-DA90-4BED-B616-89021BB69BA9}.AppStore|iPhoneSimulator.ActiveCfg = Release|Any CPU
		{043A879C-DA90-4BED-B616-89021BB69BA9}.AppStore|iPhoneSimulator.Build.0 = Release|Any CPU
		{043A879C-DA90-4BED-B616-89021BB69BA9}.AppStore|iPhoneSimulator.Deploy.0 = Release|Any CPU
		{043A879C-DA90-4BED-B616-89021BB69BA9}.Debug|Any CPU.ActiveCfg = Debug|Any CPU
		{043A879C-DA90-4BED-B616-89021BB69BA9}.Debug|Any CPU.Build.0 = Debug|Any CPU
		{043A879C-DA90-4BED-B616-89021BB69BA9}.Debug|Any CPU.Deploy.0 = Debug|Any CPU
		{043A879C-DA90-4BED-B616-89021BB69BA9}.Debug|iPhone.ActiveCfg = Debug|Any CPU
		{043A879C-DA90-4BED-B616-89021BB69BA9}.Debug|iPhone.Build.0 = Debug|Any CPU
		{043A879C-DA90-4BED-B616-89021BB69BA9}.Debug|iPhone.Deploy.0 = Debug|Any CPU
		{043A879C-DA90-4BED-B616-89021BB69BA9}.Debug|iPhoneSimulator.ActiveCfg = Debug|Any CPU
		{043A879C-DA90-4BED-B616-89021BB69BA9}.Debug|iPhoneSimulator.Build.0 = Debug|Any CPU
		{043A879C-DA90-4BED-B616-89021BB69BA9}.Debug|iPhoneSimulator.Deploy.0 = Debug|Any CPU
		{043A879C-DA90-4BED-B616-89021BB69BA9}.Release|Any CPU.ActiveCfg = Release|Any CPU
		{043A879C-DA90-4BED-B616-89021BB69BA9}.Release|Any CPU.Build.0 = Release|Any CPU
		{043A879C-DA90-4BED-B616-89021BB69BA9}.Release|Any CPU.Deploy.0 = Release|Any CPU
		{043A879C-DA90-4BED-B616-89021BB69BA9}.Release|iPhone.ActiveCfg = Release|Any CPU
		{043A879C-DA90-4BED-B616-89021BB69BA9}.Release|iPhone.Build.0 = Release|Any CPU
		{043A879C-DA90-4BED-B616-89021BB69BA9}.Release|iPhone.Deploy.0 = Release|Any CPU
		{043A879C-DA90-4BED-B616-89021BB69BA9}.Release|iPhoneSimulator.ActiveCfg = Release|Any CPU
		{043A879C-DA90-4BED-B616-89021BB69BA9}.Release|iPhoneSimulator.Build.0 = Release|Any CPU
		{043A879C-DA90-4BED-B616-89021BB69BA9}.Release|iPhoneSimulator.Deploy.0 = Release|Any CPU
		{73C2FBDA-71B5-44C2-A8DA-88E1F40A05F1}.Ad-Hoc|Any CPU.ActiveCfg = Ad-Hoc|iPhone
		{73C2FBDA-71B5-44C2-A8DA-88E1F40A05F1}.Ad-Hoc|Any CPU.Build.0 = Ad-Hoc|iPhone
		{73C2FBDA-71B5-44C2-A8DA-88E1F40A05F1}.Ad-Hoc|Any CPU.Deploy.0 = Ad-Hoc|iPhone
		{73C2FBDA-71B5-44C2-A8DA-88E1F40A05F1}.Ad-Hoc|iPhone.ActiveCfg = Ad-Hoc|iPhone
		{73C2FBDA-71B5-44C2-A8DA-88E1F40A05F1}.Ad-Hoc|iPhone.Build.0 = Ad-Hoc|iPhone
		{73C2FBDA-71B5-44C2-A8DA-88E1F40A05F1}.Ad-Hoc|iPhone.Deploy.0 = Ad-Hoc|iPhone
		{73C2FBDA-71B5-44C2-A8DA-88E1F40A05F1}.Ad-Hoc|iPhoneSimulator.ActiveCfg = Ad-Hoc|iPhoneSimulator
		{73C2FBDA-71B5-44C2-A8DA-88E1F40A05F1}.Ad-Hoc|iPhoneSimulator.Build.0 = Ad-Hoc|iPhoneSimulator
		{73C2FBDA-71B5-44C2-A8DA-88E1F40A05F1}.Ad-Hoc|iPhoneSimulator.Deploy.0 = Ad-Hoc|iPhoneSimulator
		{73C2FBDA-71B5-44C2-A8DA-88E1F40A05F1}.AppStore|Any CPU.ActiveCfg = AppStore|iPhone
		{73C2FBDA-71B5-44C2-A8DA-88E1F40A05F1}.AppStore|Any CPU.Build.0 = AppStore|iPhone
		{73C2FBDA-71B5-44C2-A8DA-88E1F40A05F1}.AppStore|Any CPU.Deploy.0 = AppStore|iPhone
		{73C2FBDA-71B5-44C2-A8DA-88E1F40A05F1}.AppStore|iPhone.ActiveCfg = AppStore|iPhone
		{73C2FBDA-71B5-44C2-A8DA-88E1F40A05F1}.AppStore|iPhone.Build.0 = AppStore|iPhone
		{73C2FBDA-71B5-44C2-A8DA-88E1F40A05F1}.AppStore|iPhone.Deploy.0 = AppStore|iPhone
		{73C2FBDA-71B5-44C2-A8DA-88E1F40A05F1}.AppStore|iPhoneSimulator.ActiveCfg = AppStore|iPhoneSimulator
		{73C2FBDA-71B5-44C2-A8DA-88E1F40A05F1}.AppStore|iPhoneSimulator.Build.0 = AppStore|iPhoneSimulator
		{73C2FBDA-71B5-44C2-A8DA-88E1F40A05F1}.AppStore|iPhoneSimulator.Deploy.0 = AppStore|iPhoneSimulator
		{73C2FBDA-71B5-44C2-A8DA-88E1F40A05F1}.Debug|Any CPU.ActiveCfg = Debug|iPhoneSimulator
		{73C2FBDA-71B5-44C2-A8DA-88E1F40A05F1}.Debug|Any CPU.Build.0 = Debug|iPhoneSimulator
		{73C2FBDA-71B5-44C2-A8DA-88E1F40A05F1}.Debug|Any CPU.Deploy.0 = Debug|iPhoneSimulator
		{73C2FBDA-71B5-44C2-A8DA-88E1F40A05F1}.Debug|iPhone.ActiveCfg = Debug|iPhone
		{73C2FBDA-71B5-44C2-A8DA-88E1F40A05F1}.Debug|iPhone.Build.0 = Debug|iPhone
		{73C2FBDA-71B5-44C2-A8DA-88E1F40A05F1}.Debug|iPhone.Deploy.0 = Debug|iPhone
		{73C2FBDA-71B5-44C2-A8DA-88E1F40A05F1}.Debug|iPhoneSimulator.ActiveCfg = Debug|iPhoneSimulator
		{73C2FBDA-71B5-44C2-A8DA-88E1F40A05F1}.Debug|iPhoneSimulator.Build.0 = Debug|iPhoneSimulator
		{73C2FBDA-71B5-44C2-A8DA-88E1F40A05F1}.Debug|iPhoneSimulator.Deploy.0 = Debug|iPhoneSimulator
		{73C2FBDA-71B5-44C2-A8DA-88E1F40A05F1}.Release|Any CPU.ActiveCfg = Release|iPhone
		{73C2FBDA-71B5-44C2-A8DA-88E1F40A05F1}.Release|Any CPU.Build.0 = Release|iPhone
		{73C2FBDA-71B5-44C2-A8DA-88E1F40A05F1}.Release|Any CPU.Deploy.0 = Release|iPhone
		{73C2FBDA-71B5-44C2-A8DA-88E1F40A05F1}.Release|iPhone.ActiveCfg = Release|iPhone
		{73C2FBDA-71B5-44C2-A8DA-88E1F40A05F1}.Release|iPhone.Build.0 = Release|iPhone
		{73C2FBDA-71B5-44C2-A8DA-88E1F40A05F1}.Release|iPhone.Deploy.0 = Release|iPhone
		{73C2FBDA-71B5-44C2-A8DA-88E1F40A05F1}.Release|iPhoneSimulator.ActiveCfg = Release|iPhoneSimulator
		{73C2FBDA-71B5-44C2-A8DA-88E1F40A05F1}.Release|iPhoneSimulator.Build.0 = Release|iPhoneSimulator
		{73C2FBDA-71B5-44C2-A8DA-88E1F40A05F1}.Release|iPhoneSimulator.Deploy.0 = Release|iPhoneSimulator
		{C7F9034F-8472-41C1-9F39-3B636D908D94}.Ad-Hoc|Any CPU.ActiveCfg = Debug|Any CPU
		{C7F9034F-8472-41C1-9F39-3B636D908D94}.Ad-Hoc|Any CPU.Build.0 = Debug|Any CPU
		{C7F9034F-8472-41C1-9F39-3B636D908D94}.Ad-Hoc|Any CPU.Deploy.0 = Debug|Any CPU
		{C7F9034F-8472-41C1-9F39-3B636D908D94}.Ad-Hoc|iPhone.ActiveCfg = Debug|Any CPU
		{C7F9034F-8472-41C1-9F39-3B636D908D94}.Ad-Hoc|iPhone.Build.0 = Debug|Any CPU
		{C7F9034F-8472-41C1-9F39-3B636D908D94}.Ad-Hoc|iPhone.Deploy.0 = Debug|Any CPU
		{C7F9034F-8472-41C1-9F39-3B636D908D94}.Ad-Hoc|iPhoneSimulator.ActiveCfg = Debug|Any CPU
		{C7F9034F-8472-41C1-9F39-3B636D908D94}.Ad-Hoc|iPhoneSimulator.Build.0 = Debug|Any CPU
		{C7F9034F-8472-41C1-9F39-3B636D908D94}.Ad-Hoc|iPhoneSimulator.Deploy.0 = Debug|Any CPU
		{C7F9034F-8472-41C1-9F39-3B636D908D94}.AppStore|Any CPU.ActiveCfg = Debug|Any CPU
		{C7F9034F-8472-41C1-9F39-3B636D908D94}.AppStore|Any CPU.Build.0 = Debug|Any CPU
		{C7F9034F-8472-41C1-9F39-3B636D908D94}.AppStore|Any CPU.Deploy.0 = Debug|Any CPU
		{C7F9034F-8472-41C1-9F39-3B636D908D94}.AppStore|iPhone.ActiveCfg = Debug|Any CPU
		{C7F9034F-8472-41C1-9F39-3B636D908D94}.AppStore|iPhone.Build.0 = Debug|Any CPU
		{C7F9034F-8472-41C1-9F39-3B636D908D94}.AppStore|iPhone.Deploy.0 = Debug|Any CPU
		{C7F9034F-8472-41C1-9F39-3B636D908D94}.AppStore|iPhoneSimulator.ActiveCfg = Debug|Any CPU
		{C7F9034F-8472-41C1-9F39-3B636D908D94}.AppStore|iPhoneSimulator.Build.0 = Debug|Any CPU
		{C7F9034F-8472-41C1-9F39-3B636D908D94}.AppStore|iPhoneSimulator.Deploy.0 = Debug|Any CPU
		{C7F9034F-8472-41C1-9F39-3B636D908D94}.Debug|Any CPU.ActiveCfg = Debug|Any CPU
		{C7F9034F-8472-41C1-9F39-3B636D908D94}.Debug|Any CPU.Build.0 = Debug|Any CPU
		{C7F9034F-8472-41C1-9F39-3B636D908D94}.Debug|Any CPU.Deploy.0 = Debug|Any CPU
		{C7F9034F-8472-41C1-9F39-3B636D908D94}.Debug|iPhone.ActiveCfg = Debug|Any CPU
		{C7F9034F-8472-41C1-9F39-3B636D908D94}.Debug|iPhone.Build.0 = Debug|Any CPU
		{C7F9034F-8472-41C1-9F39-3B636D908D94}.Debug|iPhone.Deploy.0 = Debug|Any CPU
		{C7F9034F-8472-41C1-9F39-3B636D908D94}.Debug|iPhoneSimulator.ActiveCfg = Debug|Any CPU
		{C7F9034F-8472-41C1-9F39-3B636D908D94}.Debug|iPhoneSimulator.Build.0 = Debug|Any CPU
		{C7F9034F-8472-41C1-9F39-3B636D908D94}.Debug|iPhoneSimulator.Deploy.0 = Debug|Any CPU
		{C7F9034F-8472-41C1-9F39-3B636D908D94}.Release|Any CPU.ActiveCfg = Release|Any CPU
		{C7F9034F-8472-41C1-9F39-3B636D908D94}.Release|Any CPU.Build.0 = Release|Any CPU
		{C7F9034F-8472-41C1-9F39-3B636D908D94}.Release|Any CPU.Deploy.0 = Release|Any CPU
		{C7F9034F-8472-41C1-9F39-3B636D908D94}.Release|iPhone.ActiveCfg = Release|Any CPU
		{C7F9034F-8472-41C1-9F39-3B636D908D94}.Release|iPhone.Build.0 = Release|Any CPU
		{C7F9034F-8472-41C1-9F39-3B636D908D94}.Release|iPhone.Deploy.0 = Release|Any CPU
		{C7F9034F-8472-41C1-9F39-3B636D908D94}.Release|iPhoneSimulator.ActiveCfg = Release|Any CPU
		{C7F9034F-8472-41C1-9F39-3B636D908D94}.Release|iPhoneSimulator.Build.0 = Release|Any CPU
		{C7F9034F-8472-41C1-9F39-3B636D908D94}.Release|iPhoneSimulator.Deploy.0 = Release|Any CPU
		{416A55E9-D26C-4E57-9D1E-E9D2F6083CA1}.Ad-Hoc|Any CPU.ActiveCfg = Release|Any CPU
		{416A55E9-D26C-4E57-9D1E-E9D2F6083CA1}.Ad-Hoc|Any CPU.Build.0 = Release|Any CPU
		{416A55E9-D26C-4E57-9D1E-E9D2F6083CA1}.Ad-Hoc|iPhone.ActiveCfg = Release|Any CPU
		{416A55E9-D26C-4E57-9D1E-E9D2F6083CA1}.Ad-Hoc|iPhone.Build.0 = Release|Any CPU
		{416A55E9-D26C-4E57-9D1E-E9D2F6083CA1}.Ad-Hoc|iPhoneSimulator.ActiveCfg = Release|Any CPU
		{416A55E9-D26C-4E57-9D1E-E9D2F6083CA1}.Ad-Hoc|iPhoneSimulator.Build.0 = Release|Any CPU
		{416A55E9-D26C-4E57-9D1E-E9D2F6083CA1}.AppStore|Any CPU.ActiveCfg = Release|Any CPU
		{416A55E9-D26C-4E57-9D1E-E9D2F6083CA1}.AppStore|Any CPU.Build.0 = Release|Any CPU
		{416A55E9-D26C-4E57-9D1E-E9D2F6083CA1}.AppStore|iPhone.ActiveCfg = Release|Any CPU
		{416A55E9-D26C-4E57-9D1E-E9D2F6083CA1}.AppStore|iPhone.Build.0 = Release|Any CPU
		{416A55E9-D26C-4E57-9D1E-E9D2F6083CA1}.AppStore|iPhoneSimulator.ActiveCfg = Release|Any CPU
		{416A55E9-D26C-4E57-9D1E-E9D2F6083CA1}.AppStore|iPhoneSimulator.Build.0 = Release|Any CPU
		{416A55E9-D26C-4E57-9D1E-E9D2F6083CA1}.Debug|Any CPU.ActiveCfg = Debug|Any CPU
		{416A55E9-D26C-4E57-9D1E-E9D2F6083CA1}.Debug|Any CPU.Build.0 = Debug|Any CPU
		{416A55E9-D26C-4E57-9D1E-E9D2F6083CA1}.Debug|iPhone.ActiveCfg = Debug|Any CPU
		{416A55E9-D26C-4E57-9D1E-E9D2F6083CA1}.Debug|iPhone.Build.0 = Debug|Any CPU
		{416A55E9-D26C-4E57-9D1E-E9D2F6083CA1}.Debug|iPhoneSimulator.ActiveCfg = Debug|Any CPU
		{416A55E9-D26C-4E57-9D1E-E9D2F6083CA1}.Debug|iPhoneSimulator.Build.0 = Debug|Any CPU
		{416A55E9-D26C-4E57-9D1E-E9D2F6083CA1}.Release|Any CPU.ActiveCfg = Release|Any CPU
		{416A55E9-D26C-4E57-9D1E-E9D2F6083CA1}.Release|Any CPU.Build.0 = Release|Any CPU
		{416A55E9-D26C-4E57-9D1E-E9D2F6083CA1}.Release|iPhone.ActiveCfg = Release|Any CPU
		{416A55E9-D26C-4E57-9D1E-E9D2F6083CA1}.Release|iPhone.Build.0 = Release|Any CPU
		{416A55E9-D26C-4E57-9D1E-E9D2F6083CA1}.Release|iPhoneSimulator.ActiveCfg = Release|Any CPU
		{416A55E9-D26C-4E57-9D1E-E9D2F6083CA1}.Release|iPhoneSimulator.Build.0 = Release|Any CPU
		{9D5C76E1-5BC5-4761-BEE0-3A0DB9C1C1AF}.Ad-Hoc|Any CPU.ActiveCfg = Release|Any CPU
		{9D5C76E1-5BC5-4761-BEE0-3A0DB9C1C1AF}.Ad-Hoc|Any CPU.Build.0 = Release|Any CPU
		{9D5C76E1-5BC5-4761-BEE0-3A0DB9C1C1AF}.Ad-Hoc|iPhone.ActiveCfg = Release|Any CPU
		{9D5C76E1-5BC5-4761-BEE0-3A0DB9C1C1AF}.Ad-Hoc|iPhone.Build.0 = Release|Any CPU
		{9D5C76E1-5BC5-4761-BEE0-3A0DB9C1C1AF}.Ad-Hoc|iPhoneSimulator.ActiveCfg = Release|Any CPU
		{9D5C76E1-5BC5-4761-BEE0-3A0DB9C1C1AF}.Ad-Hoc|iPhoneSimulator.Build.0 = Release|Any CPU
		{9D5C76E1-5BC5-4761-BEE0-3A0DB9C1C1AF}.AppStore|Any CPU.ActiveCfg = Release|Any CPU
		{9D5C76E1-5BC5-4761-BEE0-3A0DB9C1C1AF}.AppStore|Any CPU.Build.0 = Release|Any CPU
		{9D5C76E1-5BC5-4761-BEE0-3A0DB9C1C1AF}.AppStore|iPhone.ActiveCfg = Release|Any CPU
		{9D5C76E1-5BC5-4761-BEE0-3A0DB9C1C1AF}.AppStore|iPhone.Build.0 = Release|Any CPU
		{9D5C76E1-5BC5-4761-BEE0-3A0DB9C1C1AF}.AppStore|iPhoneSimulator.ActiveCfg = Release|Any CPU
		{9D5C76E1-5BC5-4761-BEE0-3A0DB9C1C1AF}.AppStore|iPhoneSimulator.Build.0 = Release|Any CPU
		{9D5C76E1-5BC5-4761-BEE0-3A0DB9C1C1AF}.Debug|Any CPU.ActiveCfg = Debug|Any CPU
		{9D5C76E1-5BC5-4761-BEE0-3A0DB9C1C1AF}.Debug|Any CPU.Build.0 = Debug|Any CPU
		{9D5C76E1-5BC5-4761-BEE0-3A0DB9C1C1AF}.Debug|iPhone.ActiveCfg = Debug|Any CPU
		{9D5C76E1-5BC5-4761-BEE0-3A0DB9C1C1AF}.Debug|iPhone.Build.0 = Debug|Any CPU
		{9D5C76E1-5BC5-4761-BEE0-3A0DB9C1C1AF}.Debug|iPhoneSimulator.ActiveCfg = Debug|Any CPU
		{9D5C76E1-5BC5-4761-BEE0-3A0DB9C1C1AF}.Debug|iPhoneSimulator.Build.0 = Debug|Any CPU
		{9D5C76E1-5BC5-4761-BEE0-3A0DB9C1C1AF}.Release|Any CPU.ActiveCfg = Release|Any CPU
		{9D5C76E1-5BC5-4761-BEE0-3A0DB9C1C1AF}.Release|Any CPU.Build.0 = Release|Any CPU
		{9D5C76E1-5BC5-4761-BEE0-3A0DB9C1C1AF}.Release|iPhone.ActiveCfg = Release|Any CPU
		{9D5C76E1-5BC5-4761-BEE0-3A0DB9C1C1AF}.Release|iPhone.Build.0 = Release|Any CPU
		{9D5C76E1-5BC5-4761-BEE0-3A0DB9C1C1AF}.Release|iPhoneSimulator.ActiveCfg = Release|Any CPU
		{9D5C76E1-5BC5-4761-BEE0-3A0DB9C1C1AF}.Release|iPhoneSimulator.Build.0 = Release|Any CPU
		{C3853E62-A6B4-479E-8048-C9F56870A370}.Ad-Hoc|Any CPU.ActiveCfg = Release|Any CPU
		{C3853E62-A6B4-479E-8048-C9F56870A370}.Ad-Hoc|Any CPU.Build.0 = Release|Any CPU
		{C3853E62-A6B4-479E-8048-C9F56870A370}.Ad-Hoc|iPhone.ActiveCfg = Release|Any CPU
		{C3853E62-A6B4-479E-8048-C9F56870A370}.Ad-Hoc|iPhone.Build.0 = Release|Any CPU
		{C3853E62-A6B4-479E-8048-C9F56870A370}.Ad-Hoc|iPhoneSimulator.ActiveCfg = Release|Any CPU
		{C3853E62-A6B4-479E-8048-C9F56870A370}.Ad-Hoc|iPhoneSimulator.Build.0 = Release|Any CPU
		{C3853E62-A6B4-479E-8048-C9F56870A370}.AppStore|Any CPU.ActiveCfg = Release|Any CPU
		{C3853E62-A6B4-479E-8048-C9F56870A370}.AppStore|Any CPU.Build.0 = Release|Any CPU
		{C3853E62-A6B4-479E-8048-C9F56870A370}.AppStore|iPhone.ActiveCfg = Release|Any CPU
		{C3853E62-A6B4-479E-8048-C9F56870A370}.AppStore|iPhone.Build.0 = Release|Any CPU
		{C3853E62-A6B4-479E-8048-C9F56870A370}.AppStore|iPhoneSimulator.ActiveCfg = Release|Any CPU
		{C3853E62-A6B4-479E-8048-C9F56870A370}.AppStore|iPhoneSimulator.Build.0 = Release|Any CPU
		{C3853E62-A6B4-479E-8048-C9F56870A370}.Debug|Any CPU.ActiveCfg = Debug|Any CPU
		{C3853E62-A6B4-479E-8048-C9F56870A370}.Debug|Any CPU.Build.0 = Debug|Any CPU
		{C3853E62-A6B4-479E-8048-C9F56870A370}.Debug|iPhone.ActiveCfg = Debug|Any CPU
		{C3853E62-A6B4-479E-8048-C9F56870A370}.Debug|iPhone.Build.0 = Debug|Any CPU
		{C3853E62-A6B4-479E-8048-C9F56870A370}.Debug|iPhoneSimulator.ActiveCfg = Debug|Any CPU
		{C3853E62-A6B4-479E-8048-C9F56870A370}.Debug|iPhoneSimulator.Build.0 = Debug|Any CPU
		{C3853E62-A6B4-479E-8048-C9F56870A370}.Release|Any CPU.ActiveCfg = Release|Any CPU
		{C3853E62-A6B4-479E-8048-C9F56870A370}.Release|Any CPU.Build.0 = Release|Any CPU
		{C3853E62-A6B4-479E-8048-C9F56870A370}.Release|iPhone.ActiveCfg = Release|Any CPU
		{C3853E62-A6B4-479E-8048-C9F56870A370}.Release|iPhone.Build.0 = Release|Any CPU
		{C3853E62-A6B4-479E-8048-C9F56870A370}.Release|iPhoneSimulator.ActiveCfg = Release|Any CPU
		{C3853E62-A6B4-479E-8048-C9F56870A370}.Release|iPhoneSimulator.Build.0 = Release|Any CPU
		{1FD0C2FE-BA4E-4225-AEC5-C9140C1958A1}.Ad-Hoc|Any CPU.ActiveCfg = Release|Any CPU
		{1FD0C2FE-BA4E-4225-AEC5-C9140C1958A1}.Ad-Hoc|Any CPU.Build.0 = Release|Any CPU
		{1FD0C2FE-BA4E-4225-AEC5-C9140C1958A1}.Ad-Hoc|iPhone.ActiveCfg = Release|Any CPU
		{1FD0C2FE-BA4E-4225-AEC5-C9140C1958A1}.Ad-Hoc|iPhone.Build.0 = Release|Any CPU
		{1FD0C2FE-BA4E-4225-AEC5-C9140C1958A1}.Ad-Hoc|iPhoneSimulator.ActiveCfg = Release|Any CPU
		{1FD0C2FE-BA4E-4225-AEC5-C9140C1958A1}.Ad-Hoc|iPhoneSimulator.Build.0 = Release|Any CPU
		{1FD0C2FE-BA4E-4225-AEC5-C9140C1958A1}.AppStore|Any CPU.ActiveCfg = Release|Any CPU
		{1FD0C2FE-BA4E-4225-AEC5-C9140C1958A1}.AppStore|Any CPU.Build.0 = Release|Any CPU
		{1FD0C2FE-BA4E-4225-AEC5-C9140C1958A1}.AppStore|iPhone.ActiveCfg = Release|Any CPU
		{1FD0C2FE-BA4E-4225-AEC5-C9140C1958A1}.AppStore|iPhone.Build.0 = Release|Any CPU
		{1FD0C2FE-BA4E-4225-AEC5-C9140C1958A1}.AppStore|iPhoneSimulator.ActiveCfg = Release|Any CPU
		{1FD0C2FE-BA4E-4225-AEC5-C9140C1958A1}.AppStore|iPhoneSimulator.Build.0 = Release|Any CPU
		{1FD0C2FE-BA4E-4225-AEC5-C9140C1958A1}.Debug|Any CPU.ActiveCfg = Debug|Any CPU
		{1FD0C2FE-BA4E-4225-AEC5-C9140C1958A1}.Debug|Any CPU.Build.0 = Debug|Any CPU
		{1FD0C2FE-BA4E-4225-AEC5-C9140C1958A1}.Debug|iPhone.ActiveCfg = Debug|Any CPU
		{1FD0C2FE-BA4E-4225-AEC5-C9140C1958A1}.Debug|iPhone.Build.0 = Debug|Any CPU
		{1FD0C2FE-BA4E-4225-AEC5-C9140C1958A1}.Debug|iPhoneSimulator.ActiveCfg = Debug|Any CPU
		{1FD0C2FE-BA4E-4225-AEC5-C9140C1958A1}.Debug|iPhoneSimulator.Build.0 = Debug|Any CPU
		{1FD0C2FE-BA4E-4225-AEC5-C9140C1958A1}.Release|Any CPU.ActiveCfg = Release|Any CPU
		{1FD0C2FE-BA4E-4225-AEC5-C9140C1958A1}.Release|Any CPU.Build.0 = Release|Any CPU
		{1FD0C2FE-BA4E-4225-AEC5-C9140C1958A1}.Release|iPhone.ActiveCfg = Release|Any CPU
		{1FD0C2FE-BA4E-4225-AEC5-C9140C1958A1}.Release|iPhone.Build.0 = Release|Any CPU
		{1FD0C2FE-BA4E-4225-AEC5-C9140C1958A1}.Release|iPhoneSimulator.ActiveCfg = Release|Any CPU
		{1FD0C2FE-BA4E-4225-AEC5-C9140C1958A1}.Release|iPhoneSimulator.Build.0 = Release|Any CPU
	EndGlobalSection
	GlobalSection(SolutionProperties) = preSolution
		HideSolutionNode = FALSE
	EndGlobalSection
	GlobalSection(ExtensibilityGlobals) = postSolution
		SolutionGuid = {333F7765-DBDF-4CF0-82FC-A78FD651DE9E}
	EndGlobalSection
EndGlobal
